// !$*UTF8*$!
{
	archiveVersion = 1;
	classes = {
	};
	objectVersion = 46;
	objects = {

/* Begin PBXBuildFile section */
		08911B9C1B3A33B700642DEA /* bandera2.png in Resources */ = {isa = PBXBuildFile; fileRef = 08911B981B3A33B700642DEA /* bandera2.png */; };
		08911B9D1B3A33B700642DEA /* pan.png in Resources */ = {isa = PBXBuildFile; fileRef = 08911B991B3A33B700642DEA /* pan.png */; };
		08911B9E1B3A33B700642DEA /* prd.png in Resources */ = {isa = PBXBuildFile; fileRef = 08911B9A1B3A33B700642DEA /* prd.png */; };
		08911B9F1B3A33B700642DEA /* pri.png in Resources */ = {isa = PBXBuildFile; fileRef = 08911B9B1B3A33B700642DEA /* pri.png */; };
		08911BA11B3A39D500642DEA /* add.png in Resources */ = {isa = PBXBuildFile; fileRef = 08911BA01B3A39D500642DEA /* add.png */; };
		08911BA41B3A417A00642DEA /* AddNew.m in Sources */ = {isa = PBXBuildFile; fileRef = 08911BA31B3A417A00642DEA /* AddNew.m */; };
		08911BA71B3A419400642DEA /* Details.m in Sources */ = {isa = PBXBuildFile; fileRef = 08911BA61B3A419400642DEA /* Details.m */; };
		08A851391B3A4DE30052CD8C /* default.jpg in Resources */ = {isa = PBXBuildFile; fileRef = 08A851381B3A4DE30052CD8C /* default.jpg */; };
		08F276BE1B391DA800B0A75D /* main.m in Sources */ = {isa = PBXBuildFile; fileRef = 08F276BD1B391DA800B0A75D /* main.m */; };
		08F276C11B391DA800B0A75D /* AppDelegate.m in Sources */ = {isa = PBXBuildFile; fileRef = 08F276C01B391DA800B0A75D /* AppDelegate.m */; };
		08F276C41B391DA800B0A75D /* CM_StatesActivity.xcdatamodeld in Sources */ = {isa = PBXBuildFile; fileRef = 08F276C21B391DA800B0A75D /* CM_StatesActivity.xcdatamodeld */; };
		08F276C71B391DA800B0A75D /* Start.m in Sources */ = {isa = PBXBuildFile; fileRef = 08F276C61B391DA800B0A75D /* Start.m */; };
		08F276CA1B391DA800B0A75D /* Main.storyboard in Resources */ = {isa = PBXBuildFile; fileRef = 08F276C81B391DA800B0A75D /* Main.storyboard */; };
		08F276CC1B391DA800B0A75D /* Images.xcassets in Resources */ = {isa = PBXBuildFile; fileRef = 08F276CB1B391DA800B0A75D /* Images.xcassets */; };
		08F276CF1B391DA800B0A75D /* LaunchScreen.xib in Resources */ = {isa = PBXBuildFile; fileRef = 08F276CD1B391DA800B0A75D /* LaunchScreen.xib */; };
		08F276DB1B391DA800B0A75D /* CM_StatesActivityTests.m in Sources */ = {isa = PBXBuildFile; fileRef = 08F276DA1B391DA800B0A75D /* CM_StatesActivityTests.m */; };
		08F276EA1B391E0700B0A75D /* CustomCellState.m in Sources */ = {isa = PBXBuildFile; fileRef = 08F276E81B391E0700B0A75D /* CustomCellState.m */; };
		08F276EB1B391E0700B0A75D /* CustomCellState.xib in Resources */ = {isa = PBXBuildFile; fileRef = 08F276E91B391E0700B0A75D /* CustomCellState.xib */; };
		08F276EE1B39212500B0A75D /* Home.m in Sources */ = {isa = PBXBuildFile; fileRef = 08F276ED1B39212500B0A75D /* Home.m */; };
		08F276F11B39213100B0A75D /* Intro.m in Sources */ = {isa = PBXBuildFile; fileRef = 08F276F01B39213100B0A75D /* Intro.m */; };
		08F276F41B3922DC00B0A75D /* Declarations.m in Sources */ = {isa = PBXBuildFile; fileRef = 08F276F31B3922DC00B0A75D /* Declarations.m */; };
/* End PBXBuildFile section */

/* Begin PBXContainerItemProxy section */
		08F276D51B391DA800B0A75D /* PBXContainerItemProxy */ = {
			isa = PBXContainerItemProxy;
			containerPortal = 08F276B01B391DA800B0A75D /* Project object */;
			proxyType = 1;
			remoteGlobalIDString = 08F276B71B391DA800B0A75D;
			remoteInfo = "CM-StatesActivity";
		};
/* End PBXContainerItemProxy section */

/* Begin PBXFileReference section */
		08911B981B3A33B700642DEA /* bandera2.png */ = {isa = PBXFileReference; lastKnownFileType = image.png; path = bandera2.png; sourceTree = "<group>"; };
		08911B991B3A33B700642DEA /* pan.png */ = {isa = PBXFileReference; lastKnownFileType = image.png; path = pan.png; sourceTree = "<group>"; };
		08911B9A1B3A33B700642DEA /* prd.png */ = {isa = PBXFileReference; lastKnownFileType = image.png; path = prd.png; sourceTree = "<group>"; };
		08911B9B1B3A33B700642DEA /* pri.png */ = {isa = PBXFileReference; lastKnownFileType = image.png; path = pri.png; sourceTree = "<group>"; };
		08911BA01B3A39D500642DEA /* add.png */ = {isa = PBXFileReference; lastKnownFileType = image.png; path = add.png; sourceTree = "<group>"; };
		08911BA21B3A417A00642DEA /* AddNew.h */ = {isa = PBXFileReference; fileEncoding = 4; lastKnownFileType = sourcecode.c.h; path = AddNew.h; sourceTree = "<group>"; };
		08911BA31B3A417A00642DEA /* AddNew.m */ = {isa = PBXFileReference; fileEncoding = 4; lastKnownFileType = sourcecode.c.objc; path = AddNew.m; sourceTree = "<group>"; };
		08911BA51B3A419400642DEA /* Details.h */ = {isa = PBXFileReference; fileEncoding = 4; lastKnownFileType = sourcecode.c.h; path = Details.h; sourceTree = "<group>"; };
		08911BA61B3A419400642DEA /* Details.m */ = {isa = PBXFileReference; fileEncoding = 4; lastKnownFileType = sourcecode.c.objc; path = Details.m; sourceTree = "<group>"; };
		08A851381B3A4DE30052CD8C /* default.jpg */ = {isa = PBXFileReference; lastKnownFileType = image.jpeg; path = default.jpg; sourceTree = "<group>"; };
		08F276B81B391DA800B0A75D /* CM-StatesActivity.app */ = {isa = PBXFileReference; explicitFileType = wrapper.application; includeInIndex = 0; path = "CM-StatesActivity.app"; sourceTree = BUILT_PRODUCTS_DIR; };
		08F276BC1B391DA800B0A75D /* Info.plist */ = {isa = PBXFileReference; lastKnownFileType = text.plist.xml; path = Info.plist; sourceTree = "<group>"; };
		08F276BD1B391DA800B0A75D /* main.m */ = {isa = PBXFileReference; lastKnownFileType = sourcecode.c.objc; path = main.m; sourceTree = "<group>"; };
		08F276BF1B391DA800B0A75D /* AppDelegate.h */ = {isa = PBXFileReference; lastKnownFileType = sourcecode.c.h; path = AppDelegate.h; sourceTree = "<group>"; };
		08F276C01B391DA800B0A75D /* AppDelegate.m */ = {isa = PBXFileReference; lastKnownFileType = sourcecode.c.objc; path = AppDelegate.m; sourceTree = "<group>"; };
		08F276C31B391DA800B0A75D /* CM_StatesActivity.xcdatamodel */ = {isa = PBXFileReference; lastKnownFileType = wrapper.xcdatamodel; path = CM_StatesActivity.xcdatamodel; sourceTree = "<group>"; };
		08F276C51B391DA800B0A75D /* Start.h */ = {isa = PBXFileReference; lastKnownFileType = sourcecode.c.h; path = Start.h; sourceTree = "<group>"; };
		08F276C61B391DA800B0A75D /* Start.m */ = {isa = PBXFileReference; lastKnownFileType = sourcecode.c.objc; path = Start.m; sourceTree = "<group>"; };
		08F276C91B391DA800B0A75D /* Base */ = {isa = PBXFileReference; lastKnownFileType = file.storyboard; name = Base; path = Base.lproj/Main.storyboard; sourceTree = "<group>"; };
		08F276CB1B391DA800B0A75D /* Images.xcassets */ = {isa = PBXFileReference; lastKnownFileType = folder.assetcatalog; path = Images.xcassets; sourceTree = "<group>"; };
		08F276CE1B391DA800B0A75D /* Base */ = {isa = PBXFileReference; lastKnownFileType = file.xib; name = Base; path = Base.lproj/LaunchScreen.xib; sourceTree = "<group>"; };
		08F276D41B391DA800B0A75D /* CM-StatesActivityTests.xctest */ = {isa = PBXFileReference; explicitFileType = wrapper.cfbundle; includeInIndex = 0; path = "CM-StatesActivityTests.xctest"; sourceTree = BUILT_PRODUCTS_DIR; };
		08F276D91B391DA800B0A75D /* Info.plist */ = {isa = PBXFileReference; lastKnownFileType = text.plist.xml; path = Info.plist; sourceTree = "<group>"; };
		08F276DA1B391DA800B0A75D /* CM_StatesActivityTests.m */ = {isa = PBXFileReference; lastKnownFileType = sourcecode.c.objc; path = CM_StatesActivityTests.m; sourceTree = "<group>"; };
		08F276E71B391E0700B0A75D /* CustomCellState.h */ = {isa = PBXFileReference; fileEncoding = 4; lastKnownFileType = sourcecode.c.h; path = CustomCellState.h; sourceTree = "<group>"; };
		08F276E81B391E0700B0A75D /* CustomCellState.m */ = {isa = PBXFileReference; fileEncoding = 4; lastKnownFileType = sourcecode.c.objc; path = CustomCellState.m; sourceTree = "<group>"; };
		08F276E91B391E0700B0A75D /* CustomCellState.xib */ = {isa = PBXFileReference; fileEncoding = 4; lastKnownFileType = file.xib; path = CustomCellState.xib; sourceTree = "<group>"; };
		08F276EC1B39212500B0A75D /* Home.h */ = {isa = PBXFileReference; fileEncoding = 4; lastKnownFileType = sourcecode.c.h; path = Home.h; sourceTree = "<group>"; };
		08F276ED1B39212500B0A75D /* Home.m */ = {isa = PBXFileReference; fileEncoding = 4; lastKnownFileType = sourcecode.c.objc; path = Home.m; sourceTree = "<group>"; };
		08F276EF1B39213100B0A75D /* Intro.h */ = {isa = PBXFileReference; fileEncoding = 4; lastKnownFileType = sourcecode.c.h; path = Intro.h; sourceTree = "<group>"; };
		08F276F01B39213100B0A75D /* Intro.m */ = {isa = PBXFileReference; fileEncoding = 4; lastKnownFileType = sourcecode.c.objc; path = Intro.m; sourceTree = "<group>"; };
		08F276F21B3922DC00B0A75D /* Declarations.h */ = {isa = PBXFileReference; fileEncoding = 4; lastKnownFileType = sourcecode.c.h; path = Declarations.h; sourceTree = "<group>"; };
		08F276F31B3922DC00B0A75D /* Declarations.m */ = {isa = PBXFileReference; fileEncoding = 4; lastKnownFileType = sourcecode.c.objc; path = Declarations.m; sourceTree = "<group>"; };
/* End PBXFileReference section */

/* Begin PBXFrameworksBuildPhase section */
		08F276B51B391DA800B0A75D /* Frameworks */ = {
			isa = PBXFrameworksBuildPhase;
			buildActionMask = 2147483647;
			files = (
			);
			runOnlyForDeploymentPostprocessing = 0;
		};
		08F276D11B391DA800B0A75D /* Frameworks */ = {
			isa = PBXFrameworksBuildPhase;
			buildActionMask = 2147483647;
			files = (
			);
			runOnlyForDeploymentPostprocessing = 0;
		};
/* End PBXFrameworksBuildPhase section */

/* Begin PBXGroup section */
		08911B971B3A33B700642DEA /* Images */ = {
			isa = PBXGroup;
			children = (
				08A851381B3A4DE30052CD8C /* default.jpg */,
				08911BA01B3A39D500642DEA /* add.png */,
				08911B981B3A33B700642DEA /* bandera2.png */,
				08911B991B3A33B700642DEA /* pan.png */,
				08911B9A1B3A33B700642DEA /* prd.png */,
				08911B9B1B3A33B700642DEA /* pri.png */,
			);
			name = Images;
			path = "CM-StatesActivity/Images";
			sourceTree = "<group>";
		};
		08F276AF1B391DA800B0A75D = {
			isa = PBXGroup;
			children = (
				08911B971B3A33B700642DEA /* Images */,
				08F276BA1B391DA800B0A75D /* CM-StatesActivity */,
				08F276D71B391DA800B0A75D /* CM-StatesActivityTests */,
				08F276B91B391DA800B0A75D /* Products */,
			);
			sourceTree = "<group>";
		};
		08F276B91B391DA800B0A75D /* Products */ = {
			isa = PBXGroup;
			children = (
				08F276B81B391DA800B0A75D /* CM-StatesActivity.app */,
				08F276D41B391DA800B0A75D /* CM-StatesActivityTests.xctest */,
			);
			name = Products;
			sourceTree = "<group>";
		};
		08F276BA1B391DA800B0A75D /* CM-StatesActivity */ = {
			isa = PBXGroup;
			children = (
				08F276E61B391DC200B0A75D /* Cells */,
				08F276E51B391DBA00B0A75D /* Controllers */,
				08F276E41B391DB100B0A75D /* Main */,
				08F276C81B391DA800B0A75D /* Main.storyboard */,
				08F276CB1B391DA800B0A75D /* Images.xcassets */,
				08F276CD1B391DA800B0A75D /* LaunchScreen.xib */,
				08F276C21B391DA800B0A75D /* CM_StatesActivity.xcdatamodeld */,
				08F276BB1B391DA800B0A75D /* Supporting Files */,
			);
			path = "CM-StatesActivity";
			sourceTree = "<group>";
		};
		08F276BB1B391DA800B0A75D /* Supporting Files */ = {
			isa = PBXGroup;
			children = (
				08F276BC1B391DA800B0A75D /* Info.plist */,
				08F276BD1B391DA800B0A75D /* main.m */,
			);
			name = "Supporting Files";
			sourceTree = "<group>";
		};
		08F276D71B391DA800B0A75D /* CM-StatesActivityTests */ = {
			isa = PBXGroup;
			children = (
				08F276DA1B391DA800B0A75D /* CM_StatesActivityTests.m */,
				08F276D81B391DA800B0A75D /* Supporting Files */,
			);
			path = "CM-StatesActivityTests";
			sourceTree = "<group>";
		};
		08F276D81B391DA800B0A75D /* Supporting Files */ = {
			isa = PBXGroup;
			children = (
				08F276D91B391DA800B0A75D /* Info.plist */,
			);
			name = "Supporting Files";
			sourceTree = "<group>";
		};
		08F276E41B391DB100B0A75D /* Main */ = {
			isa = PBXGroup;
			children = (
				08F276C01B391DA800B0A75D /* AppDelegate.m */,
				08F276BF1B391DA800B0A75D /* AppDelegate.h */,
				08F276F21B3922DC00B0A75D /* Declarations.h */,
				08F276F31B3922DC00B0A75D /* Declarations.m */,
			);
			name = Main;
			sourceTree = "<group>";
		};
		08F276E51B391DBA00B0A75D /* Controllers */ = {
			isa = PBXGroup;
			children = (
				08F276C61B391DA800B0A75D /* Start.m */,
				08F276C51B391DA800B0A75D /* Start.h */,
				08F276EC1B39212500B0A75D /* Home.h */,
				08F276ED1B39212500B0A75D /* Home.m */,
				08F276EF1B39213100B0A75D /* Intro.h */,
				08F276F01B39213100B0A75D /* Intro.m */,
				08911BA21B3A417A00642DEA /* AddNew.h */,
				08911BA31B3A417A00642DEA /* AddNew.m */,
				08911BA51B3A419400642DEA /* Details.h */,
				08911BA61B3A419400642DEA /* Details.m */,
			);
			name = Controllers;
			sourceTree = "<group>";
		};
		08F276E61B391DC200B0A75D /* Cells */ = {
			isa = PBXGroup;
			children = (
				08F276E71B391E0700B0A75D /* CustomCellState.h */,
				08F276E81B391E0700B0A75D /* CustomCellState.m */,
				08F276E91B391E0700B0A75D /* CustomCellState.xib */,
			);
			name = Cells;
			sourceTree = "<group>";
		};
/* End PBXGroup section */

/* Begin PBXNativeTarget section */
		08F276B71B391DA800B0A75D /* CM-StatesActivity */ = {
			isa = PBXNativeTarget;
			buildConfigurationList = 08F276DE1B391DA800B0A75D /* Build configuration list for PBXNativeTarget "CM-StatesActivity" */;
			buildPhases = (
				08F276B41B391DA800B0A75D /* Sources */,
				08F276B51B391DA800B0A75D /* Frameworks */,
				08F276B61B391DA800B0A75D /* Resources */,
			);
			buildRules = (
			);
			dependencies = (
			);
			name = "CM-StatesActivity";
			productName = "CM-StatesActivity";
			productReference = 08F276B81B391DA800B0A75D /* CM-StatesActivity.app */;
			productType = "com.apple.product-type.application";
		};
		08F276D31B391DA800B0A75D /* CM-StatesActivityTests */ = {
			isa = PBXNativeTarget;
			buildConfigurationList = 08F276E11B391DA800B0A75D /* Build configuration list for PBXNativeTarget "CM-StatesActivityTests" */;
			buildPhases = (
				08F276D01B391DA800B0A75D /* Sources */,
				08F276D11B391DA800B0A75D /* Frameworks */,
				08F276D21B391DA800B0A75D /* Resources */,
			);
			buildRules = (
			);
			dependencies = (
				08F276D61B391DA800B0A75D /* PBXTargetDependency */,
			);
			name = "CM-StatesActivityTests";
			productName = "CM-StatesActivityTests";
			productReference = 08F276D41B391DA800B0A75D /* CM-StatesActivityTests.xctest */;
			productType = "com.apple.product-type.bundle.unit-test";
		};
/* End PBXNativeTarget section */

/* Begin PBXProject section */
		08F276B01B391DA800B0A75D /* Project object */ = {
			isa = PBXProject;
			attributes = {
				LastUpgradeCheck = 0630;
				ORGANIZATIONNAME = Master;
				TargetAttributes = {
					08F276B71B391DA800B0A75D = {
						CreatedOnToolsVersion = 6.3.2;
					};
					08F276D31B391DA800B0A75D = {
						CreatedOnToolsVersion = 6.3.2;
						TestTargetID = 08F276B71B391DA800B0A75D;
					};
				};
			};
			buildConfigurationList = 08F276B31B391DA800B0A75D /* Build configuration list for PBXProject "CM-StatesActivity" */;
			compatibilityVersion = "Xcode 3.2";
			developmentRegion = English;
			hasScannedForEncodings = 0;
			knownRegions = (
				en,
				Base,
			);
			mainGroup = 08F276AF1B391DA800B0A75D;
			productRefGroup = 08F276B91B391DA800B0A75D /* Products */;
			projectDirPath = "";
			projectRoot = "";
			targets = (
				08F276B71B391DA800B0A75D /* CM-StatesActivity */,
				08F276D31B391DA800B0A75D /* CM-StatesActivityTests */,
			);
		};
/* End PBXProject section */

/* Begin PBXResourcesBuildPhase section */
		08F276B61B391DA800B0A75D /* Resources */ = {
			isa = PBXResourcesBuildPhase;
			buildActionMask = 2147483647;
			files = (
				08911BA11B3A39D500642DEA /* add.png in Resources */,
				08911B9F1B3A33B700642DEA /* pri.png in Resources */,
				08911B9E1B3A33B700642DEA /* prd.png in Resources */,
				08F276EB1B391E0700B0A75D /* CustomCellState.xib in Resources */,
				08911B9D1B3A33B700642DEA /* pan.png in Resources */,
				08F276CA1B391DA800B0A75D /* Main.storyboard in Resources */,
				08911B9C1B3A33B700642DEA /* bandera2.png in Resources */,
				08F276CF1B391DA800B0A75D /* LaunchScreen.xib in Resources */,
				08F276CC1B391DA800B0A75D /* Images.xcassets in Resources */,
				08A851391B3A4DE30052CD8C /* default.jpg in Resources */,
			);
			runOnlyForDeploymentPostprocessing = 0;
		};
		08F276D21B391DA800B0A75D /* Resources */ = {
			isa = PBXResourcesBuildPhase;
			buildActionMask = 2147483647;
			files = (
			);
			runOnlyForDeploymentPostprocessing = 0;
		};
/* End PBXResourcesBuildPhase section */

/* Begin PBXSourcesBuildPhase section */
		08F276B41B391DA800B0A75D /* Sources */ = {
			isa = PBXSourcesBuildPhase;
			buildActionMask = 2147483647;
			files = (
				08F276C11B391DA800B0A75D /* AppDelegate.m in Sources */,
				08F276BE1B391DA800B0A75D /* main.m in Sources */,
				08911BA71B3A419400642DEA /* Details.m in Sources */,
				08911BA41B3A417A00642DEA /* AddNew.m in Sources */,
				08F276F41B3922DC00B0A75D /* Declarations.m in Sources */,
				08F276EE1B39212500B0A75D /* Home.m in Sources */,
				08F276EA1B391E0700B0A75D /* CustomCellState.m in Sources */,
				08F276C71B391DA800B0A75D /* Start.m in Sources */,
				08F276C41B391DA800B0A75D /* CM_StatesActivity.xcdatamodeld in Sources */,
				08F276F11B39213100B0A75D /* Intro.m in Sources */,
			);
			runOnlyForDeploymentPostprocessing = 0;
		};
		08F276D01B391DA800B0A75D /* Sources */ = {
			isa = PBXSourcesBuildPhase;
			buildActionMask = 2147483647;
			files = (
				08F276DB1B391DA800B0A75D /* CM_StatesActivityTests.m in Sources */,
			);
			runOnlyForDeploymentPostprocessing = 0;
		};
/* End PBXSourcesBuildPhase section */

/* Begin PBXTargetDependency section */
		08F276D61B391DA800B0A75D /* PBXTargetDependency */ = {
			isa = PBXTargetDependency;
			target = 08F276B71B391DA800B0A75D /* CM-StatesActivity */;
			targetProxy = 08F276D51B391DA800B0A75D /* PBXContainerItemProxy */;
		};
/* End PBXTargetDependency section */

/* Begin PBXVariantGroup section */
		08F276C81B391DA800B0A75D /* Main.storyboard */ = {
			isa = PBXVariantGroup;
			children = (
				08F276C91B391DA800B0A75D /* Base */,
			);
			name = Main.storyboard;
			sourceTree = "<group>";
		};
		08F276CD1B391DA800B0A75D /* LaunchScreen.xib */ = {
			isa = PBXVariantGroup;
			children = (
				08F276CE1B391DA800B0A75D /* Base */,
			);
			name = LaunchScreen.xib;
			sourceTree = "<group>";
		};
/* End PBXVariantGroup section */

/* Begin XCBuildConfiguration section */
		08F276DC1B391DA800B0A75D /* Debug */ = {
			isa = XCBuildConfiguration;
			buildSettings = {
				ALWAYS_SEARCH_USER_PATHS = NO;
				CLANG_CXX_LANGUAGE_STANDARD = "gnu++0x";
				CLANG_CXX_LIBRARY = "libc++";
				CLANG_ENABLE_MODULES = YES;
				CLANG_ENABLE_OBJC_ARC = YES;
				CLANG_WARN_BOOL_CONVERSION = YES;
				CLANG_WARN_CONSTANT_CONVERSION = YES;
				CLANG_WARN_DIRECT_OBJC_ISA_USAGE = YES_ERROR;
				CLANG_WARN_EMPTY_BODY = YES;
				CLANG_WARN_ENUM_CONVERSION = YES;
				CLANG_WARN_INT_CONVERSION = YES;
				CLANG_WARN_OBJC_ROOT_CLASS = YES_ERROR;
				CLANG_WARN_UNREACHABLE_CODE = YES;
				CLANG_WARN__DUPLICATE_METHOD_MATCH = YES;
				"CODE_SIGN_IDENTITY[sdk=iphoneos*]" = "iPhone Developer";
				COPY_PHASE_STRIP = NO;
				DEBUG_INFORMATION_FORMAT = "dwarf-with-dsym";
				ENABLE_STRICT_OBJC_MSGSEND = YES;
				GCC_C_LANGUAGE_STANDARD = gnu99;
				GCC_DYNAMIC_NO_PIC = NO;
				GCC_NO_COMMON_BLOCKS = YES;
				GCC_OPTIMIZATION_LEVEL = 0;
				GCC_PREPROCESSOR_DEFINITIONS = (
					"DEBUG=1",
					"$(inherited)",
				);
				GCC_SYMBOLS_PRIVATE_EXTERN = NO;
				GCC_WARN_64_TO_32_BIT_CONVERSION = YES;
				GCC_WARN_ABOUT_RETURN_TYPE = YES_ERROR;
				GCC_WARN_UNDECLARED_SELECTOR = YES;
				GCC_WARN_UNINITIALIZED_AUTOS = YES_AGGRESSIVE;
				GCC_WARN_UNUSED_FUNCTION = YES;
				GCC_WARN_UNUSED_VARIABLE = YES;
				IPHONEOS_DEPLOYMENT_TARGET = 8.3;
				MTL_ENABLE_DEBUG_INFO = YES;
				ONLY_ACTIVE_ARCH = YES;
				SDKROOT = iphoneos;
			};
			name = Debug;
		};
		08F276DD1B391DA800B0A75D /* Release */ = {
			isa = XCBuildConfiguration;
			buildSettings = {
				ALWAYS_SEARCH_USER_PATHS = NO;
				CLANG_CXX_LANGUAGE_STANDARD = "gnu++0x";
				CLANG_CXX_LIBRARY = "libc++";
				CLANG_ENABLE_MODULES = YES;
				CLANG_ENABLE_OBJC_ARC = YES;
				CLANG_WARN_BOOL_CONVERSION = YES;
				CLANG_WARN_CONSTANT_CONVERSION = YES;
				CLANG_WARN_DIRECT_OBJC_ISA_USAGE = YES_ERROR;
				CLANG_WARN_EMPTY_BODY = YES;
				CLANG_WARN_ENUM_CONVERSION = YES;
				CLANG_WARN_INT_CONVERSION = YES;
				CLANG_WARN_OBJC_ROOT_CLASS = YES_ERROR;
				CLANG_WARN_UNREACHABLE_CODE = YES;
				CLANG_WARN__DUPLICATE_METHOD_MATCH = YES;
				"CODE_SIGN_IDENTITY[sdk=iphoneos*]" = "iPhone Developer";
				COPY_PHASE_STRIP = NO;
				DEBUG_INFORMATION_FORMAT = "dwarf-with-dsym";
				ENABLE_NS_ASSERTIONS = NO;
				ENABLE_STRICT_OBJC_MSGSEND = YES;
				GCC_C_LANGUAGE_STANDARD = gnu99;
				GCC_NO_COMMON_BLOCKS = YES;
				GCC_WARN_64_TO_32_BIT_CONVERSION = YES;
				GCC_WARN_ABOUT_RETURN_TYPE = YES_ERROR;
				GCC_WARN_UNDECLARED_SELECTOR = YES;
				GCC_WARN_UNINITIALIZED_AUTOS = YES_AGGRESSIVE;
				GCC_WARN_UNUSED_FUNCTION = YES;
				GCC_WARN_UNUSED_VARIABLE = YES;
				IPHONEOS_DEPLOYMENT_TARGET = 8.3;
				MTL_ENABLE_DEBUG_INFO = NO;
				SDKROOT = iphoneos;
				VALIDATE_PRODUCT = YES;
			};
			name = Release;
		};
		08F276DF1B391DA800B0A75D /* Debug */ = {
			isa = XCBuildConfiguration;
			buildSettings = {
				ASSETCATALOG_COMPILER_APPICON_NAME = AppIcon;
				INFOPLIST_FILE = "CM-StatesActivity/Info.plist";
				LD_RUNPATH_SEARCH_PATHS = "$(inherited) @executable_path/Frameworks";
				PRODUCT_NAME = "$(TARGET_NAME)";
			};
			name = Debug;
		};
		08F276E01B391DA800B0A75D /* Release */ = {
			isa = XCBuildConfiguration;
			buildSettings = {
				ASSETCATALOG_COMPILER_APPICON_NAME = AppIcon;
				INFOPLIST_FILE = "CM-StatesActivity/Info.plist";
				LD_RUNPATH_SEARCH_PATHS = "$(inherited) @executable_path/Frameworks";
				PRODUCT_NAME = "$(TARGET_NAME)";
			};
			name = Release;
		};
		08F276E21B391DA800B0A75D /* Debug */ = {
			isa = XCBuildConfiguration;
			buildSettings = {
				BUNDLE_LOADER = "$(TEST_HOST)";
				FRAMEWORK_SEARCH_PATHS = (
					"$(SDKROOT)/Developer/Library/Frameworks",
					"$(inherited)",
				);
				GCC_PREPROCESSOR_DEFINITIONS = (
					"DEBUG=1",
					"$(inherited)",
				);
				INFOPLIST_FILE = "CM-StatesActivityTests/Info.plist";
				LD_RUNPATH_SEARCH_PATHS = "$(inherited) @executable_path/Frameworks @loader_path/Frameworks";
				PRODUCT_NAME = "$(TARGET_NAME)";
				TEST_HOST = "$(BUILT_PRODUCTS_DIR)/CM-StatesActivity.app/CM-StatesActivity";
			};
			name = Debug;
		};
		08F276E31B391DA800B0A75D /* Release */ = {
			isa = XCBuildConfiguration;
			buildSettings = {
				BUNDLE_LOADER = "$(TEST_HOST)";
				FRAMEWORK_SEARCH_PATHS = (
					"$(SDKROOT)/Developer/Library/Frameworks",
					"$(inherited)",
				);
				INFOPLIST_FILE = "CM-StatesActivityTests/Info.plist";
				LD_RUNPATH_SEARCH_PATHS = "$(inherited) @executable_path/Frameworks @loader_path/Frameworks";
				PRODUCT_NAME = "$(TARGET_NAME)";
				TEST_HOST = "$(BUILT_PRODUCTS_DIR)/CM-StatesActivity.app/CM-StatesActivity";
			};
			name = Release;
		};
/* End XCBuildConfiguration section */

/* Begin XCConfigurationList section */
		08F276B31B391DA800B0A75D /* Build configuration list for PBXProject "CM-StatesActivity" */ = {
			isa = XCConfigurationList;
			buildConfigurations = (
				08F276DC1B391DA800B0A75D /* Debug */,
				08F276DD1B391DA800B0A75D /* Release */,
			);
			defaultConfigurationIsVisible = 0;
			defaultConfigurationName = Release;
		};
		08F276DE1B391DA800B0A75D /* Build configuration list for PBXNativeTarget "CM-StatesActivity" */ = {
			isa = XCConfigurationList;
			buildConfigurations = (
				08F276DF1B391DA800B0A75D /* Debug */,
				08F276E01B391DA800B0A75D /* Release */,
			);
			defaultConfigurationIsVisible = 0;
			defaultConfigurationName = Release;
		};
		08F276E11B391DA800B0A75D /* Build configuration list for PBXNativeTarget "CM-StatesActivityTests" */ = {
			isa = XCConfigurationList;
			buildConfigurations = (
				08F276E21B391DA800B0A75D /* Debug */,
				08F276E31B391DA800B0A75D /* Release */,
			);
			defaultConfigurationIsVisible = 0;
			defaultConfigurationName = Release;
		};
/* End XCConfigurationList section */

/* Begin XCVersionGroup section */
		08F276C21B391DA800B0A75D /* CM_StatesActivity.xcdatamodeld */ = {
			isa = XCVersionGroup;
			children = (
				08F276C31B391DA800B0A75D /* CM_StatesActivity.xcdatamodel */,
			);
			currentVersion = 08F276C31B391DA800B0A75D /* CM_StatesActivity.xcdatamodel */;
			path = CM_StatesActivity.xcdatamodeld;
			sourceTree = "<group>";
			versionGroupType = wrapper.xcdatamodel;
		};
/* End XCVersionGroup section */
	};
	rootObject = 08F276B01B391DA800B0A75D /* Project object */;
}
